
Microsoft Visual Studio Solution File, Format Version 12.00
# Visual Studio Version 17
VisualStudioVersion = 17.10.34928.147
MinimumVisualStudioVersion = 10.0.40219.1
Project("{FAE04EC0-301F-11D3-BF4B-00C04F79EFBC}") = "RouterOSApiClient", "RouterOSApiClient\RouterOSApiClient.csproj", "{7FEB2501-3BB9-4AEC-B7C7-BBDD78C7729F}"
EndProject
Global
	GlobalSection(SolutionConfigurationPlatforms) = preSolution
		Debug|Any CPU = Debug|Any CPU
		Release|Any CPU = Release|Any CPU
	EndGlobalSection
	GlobalSection(ProjectConfigurationPlatforms) = postSolution
		{7FEB2501-3BB9-4AEC-B7C7-BBDD78C7729F}.Debug|Any CPU.ActiveCfg = Debug|Any CPU
		{7FEB2501-3BB9-4AEC-B7C7-BBDD78C7729F}.Debug|Any CPU.Build.0 = Debug|Any CPU
		{7FEB2501-3BB9-4AEC-B7C7-BBDD78C7729F}.Release|Any CPU.ActiveCfg = Release|Any CPU
		{7FEB2501-3BB9-4AEC-B7C7-BBDD78C7729F}.Release|Any CPU.Build.0 = Release|Any CPU
	EndGlobalSection
	GlobalSection(SolutionProperties) = preSolution
		HideSolutionNode = FALSE
	EndGlobalSection
	GlobalSection(ExtensibilityGlobals) = postSolution
		SolutionGuid = {9DDB95D1-A011-4C07-A7C5-B7C30C952089}
	EndGlobalSection
EndGlobal
